// !$*UTF8*$!
{
	archiveVersion = 1;
	classes = {
	};
	objectVersion = 77;
	objects = {

/* Begin PBXBuildFile section */
		F53FD5BB2E4D12D800F2535A /* Kingfisher in Frameworks */ = {isa = PBXBuildFile; productRef = F53FD5BA2E4D12D800F2535A /* Kingfisher */; };
/* End PBXBuildFile section */

/* Begin PBXContainerItemProxy section */
		F53FD54F2E4C5DF900F2535A /* PBXContainerItemProxy */ = {
			isa = PBXContainerItemProxy;
			containerPortal = F53FD5302E4C5DF700F2535A /* Project object */;
			proxyType = 1;
			remoteGlobalIDString = F53FD5372E4C5DF700F2535A;
			remoteInfo = SwiftUIKitDemo;
		};
		F53FD5592E4C5DF900F2535A /* PBXContainerItemProxy */ = {
			isa = PBXContainerItemProxy;
			containerPortal = F53FD5302E4C5DF700F2535A /* Project object */;
			proxyType = 1;
			remoteGlobalIDString = F53FD5372E4C5DF700F2535A;
			remoteInfo = SwiftUIKitDemo;
		};
/* End PBXContainerItemProxy section */

/* Begin PBXFileReference section */
		F53FD5382E4C5DF700F2535A /* SwiftUIKitDemo.app */ = {isa = PBXFileReference; explicitFileType = wrapper.application; includeInIndex = 0; path = SwiftUIKitDemo.app; sourceTree = BUILT_PRODUCTS_DIR; };
		F53FD54E2E4C5DF900F2535A /* SwiftUIKitDemoTests.xctest */ = {isa = PBXFileReference; explicitFileType = wrapper.cfbundle; includeInIndex = 0; path = SwiftUIKitDemoTests.xctest; sourceTree = BUILT_PRODUCTS_DIR; };
		F53FD5582E4C5DF900F2535A /* SwiftUIKitDemoUITests.xctest */ = {isa = PBXFileReference; explicitFileType = wrapper.cfbundle; includeInIndex = 0; path = SwiftUIKitDemoUITests.xctest; sourceTree = BUILT_PRODUCTS_DIR; };
/* End PBXFileReference section */

/* Begin PBXFileSystemSynchronizedBuildFileExceptionSet section */
		F53FD5602E4C5DF900F2535A /* Exceptions for "SwiftUIKitDemo" folder in "SwiftUIKitDemo" target */ = {
			isa = PBXFileSystemSynchronizedBuildFileExceptionSet;
			membershipExceptions = (
				Info.plist,
			);
			target = F53FD5372E4C5DF700F2535A /* SwiftUIKitDemo */;
		};
/* End PBXFileSystemSynchronizedBuildFileExceptionSet section */

/* Begin PBXFileSystemSynchronizedRootGroup section */
		F53FD53A2E4C5DF700F2535A /* SwiftUIKitDemo */ = {
			isa = PBXFileSystemSynchronizedRootGroup;
			exceptions = (
				F53FD5602E4C5DF900F2535A /* Exceptions for "SwiftUIKitDemo" folder in "SwiftUIKitDemo" target */,
			);
			path = SwiftUIKitDemo;
			sourceTree = "<group>";
		};
		F53FD5512E4C5DF900F2535A /* SwiftUIKitDemoTests */ = {
			isa = PBXFileSystemSynchronizedRootGroup;
			path = SwiftUIKitDemoTests;
			sourceTree = "<group>";
		};
		F53FD55B2E4C5DF900F2535A /* SwiftUIKitDemoUITests */ = {
			isa = PBXFileSystemSynchronizedRootGroup;
			path = SwiftUIKitDemoUITests;
			sourceTree = "<group>";
		};
/* End PBXFileSystemSynchronizedRootGroup section */

/* Begin PBXFrameworksBuildPhase section */
		F53FD5352E4C5DF700F2535A /* Frameworks */ = {
			isa = PBXFrameworksBuildPhase;
			buildActionMask = 2147483647;
			files = (
				F53FD5BB2E4D12D800F2535A /* Kingfisher in Frameworks */,
			);
			runOnlyForDeploymentPostprocessing = 0;
		};
		F53FD54B2E4C5DF900F2535A /* Frameworks */ = {
			isa = PBXFrameworksBuildPhase;
			buildActionMask = 2147483647;
			files = (
			);
			runOnlyForDeploymentPostprocessing = 0;
		};
		F53FD5552E4C5DF900F2535A /* Frameworks */ = {
			isa = PBXFrameworksBuildPhase;
			buildActionMask = 2147483647;
			files = (
			);
			runOnlyForDeploymentPostprocessing = 0;
		};
/* End PBXFrameworksBuildPhase section */

/* Begin PBXGroup section */
		F53FD52F2E4C5DF700F2535A = {
			isa = PBXGroup;
			children = (
				F53FD53A2E4C5DF700F2535A /* SwiftUIKitDemo */,
				F53FD5512E4C5DF900F2535A /* SwiftUIKitDemoTests */,
				F53FD55B2E4C5DF900F2535A /* SwiftUIKitDemoUITests */,
				F53FD5392E4C5DF700F2535A /* Products */,
			);
			sourceTree = "<group>";
		};
		F53FD5392E4C5DF700F2535A /* Products */ = {
			isa = PBXGroup;
			children = (
				F53FD5382E4C5DF700F2535A /* SwiftUIKitDemo.app */,
				F53FD54E2E4C5DF900F2535A /* SwiftUIKitDemoTests.xctest */,
				F53FD5582E4C5DF900F2535A /* SwiftUIKitDemoUITests.xctest */,
			);
			name = Products;
			sourceTree = "<group>";
		};
/* End PBXGroup section */

/* Begin PBXNativeTarget section */
		F53FD5372E4C5DF700F2535A /* SwiftUIKitDemo */ = {
			isa = PBXNativeTarget;
			buildConfigurationList = F53FD5612E4C5DF900F2535A /* Build configuration list for PBXNativeTarget "SwiftUIKitDemo" */;
			buildPhases = (
				F53FD5342E4C5DF700F2535A /* Sources */,
				F53FD5352E4C5DF700F2535A /* Frameworks */,
				F53FD5362E4C5DF700F2535A /* Resources */,
			);
			buildRules = (
			);
			dependencies = (
			);
			fileSystemSynchronizedGroups = (
				F53FD53A2E4C5DF700F2535A /* SwiftUIKitDemo */,
			);
			name = SwiftUIKitDemo;
			packageProductDependencies = (
				F53FD5BA2E4D12D800F2535A /* Kingfisher */,
			);
			productName = SwiftUIKitDemo;
			productReference = F53FD5382E4C5DF700F2535A /* SwiftUIKitDemo.app */;
			productType = "com.apple.product-type.application";
		};
		F53FD54D2E4C5DF900F2535A /* SwiftUIKitDemoTests */ = {
			isa = PBXNativeTarget;
			buildConfigurationList = F53FD5662E4C5DF900F2535A /* Build configuration list for PBXNativeTarget "SwiftUIKitDemoTests" */;
			buildPhases = (
				F53FD54A2E4C5DF900F2535A /* Sources */,
				F53FD54B2E4C5DF900F2535A /* Frameworks */,
				F53FD54C2E4C5DF900F2535A /* Resources */,
			);
			buildRules = (
			);
			dependencies = (
				F53FD5502E4C5DF900F2535A /* PBXTargetDependency */,
			);
			fileSystemSynchronizedGroups = (
				F53FD5512E4C5DF900F2535A /* SwiftUIKitDemoTests */,
			);
			name = SwiftUIKitDemoTests;
			packageProductDependencies = (
			);
			productName = SwiftUIKitDemoTests;
			productReference = F53FD54E2E4C5DF900F2535A /* SwiftUIKitDemoTests.xctest */;
			productType = "com.apple.product-type.bundle.unit-test";
		};
		F53FD5572E4C5DF900F2535A /* SwiftUIKitDemoUITests */ = {
			isa = PBXNativeTarget;
			buildConfigurationList = F53FD5692E4C5DF900F2535A /* Build configuration list for PBXNativeTarget "SwiftUIKitDemoUITests" */;
			buildPhases = (
				F53FD5542E4C5DF900F2535A /* Sources */,
				F53FD5552E4C5DF900F2535A /* Frameworks */,
				F53FD5562E4C5DF900F2535A /* Resources */,
			);
			buildRules = (
			);
			dependencies = (
				F53FD55A2E4C5DF900F2535A /* PBXTargetDependency */,
			);
			fileSystemSynchronizedGroups = (
				F53FD55B2E4C5DF900F2535A /* SwiftUIKitDemoUITests */,
			);
			name = SwiftUIKitDemoUITests;
			packageProductDependencies = (
			);
			productName = SwiftUIKitDemoUITests;
			productReference = F53FD5582E4C5DF900F2535A /* SwiftUIKitDemoUITests.xctest */;
			productType = "com.apple.product-type.bundle.ui-testing";
		};
/* End PBXNativeTarget section */

/* Begin PBXProject section */
		F53FD5302E4C5DF700F2535A /* Project object */ = {
			isa = PBXProject;
			attributes = {
				BuildIndependentTargetsInParallel = 1;
				LastSwiftUpdateCheck = 1640;
				LastUpgradeCheck = 1640;
				TargetAttributes = {
					F53FD5372E4C5DF700F2535A = {
						CreatedOnToolsVersion = 16.4;
					};
					F53FD54D2E4C5DF900F2535A = {
						CreatedOnToolsVersion = 16.4;
						TestTargetID = F53FD5372E4C5DF700F2535A;
					};
					F53FD5572E4C5DF900F2535A = {
						CreatedOnToolsVersion = 16.4;
						TestTargetID = F53FD5372E4C5DF700F2535A;
					};
				};
			};
			buildConfigurationList = F53FD5332E4C5DF700F2535A /* Build configuration list for PBXProject "SwiftUIKitDemo" */;
			developmentRegion = en;
			hasScannedForEncodings = 0;
			knownRegions = (
				en,
				Base,
			);
			mainGroup = F53FD52F2E4C5DF700F2535A;
			minimizedProjectReferenceProxies = 1;
			packageReferences = (
				F53FD5B92E4D12D800F2535A /* XCRemoteSwiftPackageReference "Kingfisher" */,
			);
			preferredProjectObjectVersion = 77;
			productRefGroup = F53FD5392E4C5DF700F2535A /* Products */;
			projectDirPath = "";
			projectRoot = "";
			targets = (
				F53FD5372E4C5DF700F2535A /* SwiftUIKitDemo */,
				F53FD54D2E4C5DF900F2535A /* SwiftUIKitDemoTests */,
				F53FD5572E4C5DF900F2535A /* SwiftUIKitDemoUITests */,
			);
		};
/* End PBXProject section */

/* Begin PBXResourcesBuildPhase section */
		F53FD5362E4C5DF700F2535A /* Resources */ = {
			isa = PBXResourcesBuildPhase;
			buildActionMask = 2147483647;
			files = (
			);
			runOnlyForDeploymentPostprocessing = 0;
		};
		F53FD54C2E4C5DF900F2535A /* Resources */ = {
			isa = PBXResourcesBuildPhase;
			buildActionMask = 2147483647;
			files = (
			);
			runOnlyForDeploymentPostprocessing = 0;
		};
		F53FD5562E4C5DF900F2535A /* Resources */ = {
			isa = PBXResourcesBuildPhase;
			buildActionMask = 2147483647;
			files = (
			);
			runOnlyForDeploymentPostprocessing = 0;
		};
/* End PBXResourcesBuildPhase section */

/* Begin PBXSourcesBuildPhase section */
		F53FD5342E4C5DF700F2535A /* Sources */ = {
			isa = PBXSourcesBuildPhase;
			buildActionMask = 2147483647;
			files = (
			);
			runOnlyForDeploymentPostprocessing = 0;
		};
		F53FD54A2E4C5DF900F2535A /* Sources */ = {
			isa = PBXSourcesBuildPhase;
			buildActionMask = 2147483647;
			files = (
			);
			runOnlyForDeploymentPostprocessing = 0;
		};
		F53FD5542E4C5DF900F2535A /* Sources */ = {
			isa = PBXSourcesBuildPhase;
			buildActionMask = 2147483647;
			files = (
			);
			runOnlyForDeploymentPostprocessing = 0;
		};
/* End PBXSourcesBuildPhase section */

/* Begin PBXTargetDependency section */
		F53FD5502E4C5DF900F2535A /* PBXTargetDependency */ = {
			isa = PBXTargetDependency;
			target = F53FD5372E4C5DF700F2535A /* SwiftUIKitDemo */;
			targetProxy = F53FD54F2E4C5DF900F2535A /* PBXContainerItemProxy */;
		};
		F53FD55A2E4C5DF900F2535A /* PBXTargetDependency */ = {
			isa = PBXTargetDependency;
			target = F53FD5372E4C5DF700F2535A /* SwiftUIKitDemo */;
			targetProxy = F53FD5592E4C5DF900F2535A /* PBXContainerItemProxy */;
		};
/* End PBXTargetDependency section */

/* Begin XCBuildConfiguration section */
		F53FD5622E4C5DF900F2535A /* Debug */ = {
			isa = XCBuildConfiguration;
			buildSettings = {
				ASSETCATALOG_COMPILER_APPICON_NAME = AppIcon;
				ASSETCATALOG_COMPILER_GLOBAL_ACCENT_COLOR_NAME = AccentColor;
				CODE_SIGN_STYLE = Automatic;
				CURRENT_PROJECT_VERSION = 1;
				DEVELOPMENT_TEAM = 7Y4N8JG3X7;
				GENERATE_INFOPLIST_FILE = YES;
				INFOPLIST_FILE = SwiftUIKitDemo/Info.plist;
				INFOPLIST_KEY_UIApplicationSupportsIndirectInputEvents = YES;
				INFOPLIST_KEY_UILaunchStoryboardName = LaunchScreen;
				INFOPLIST_KEY_UIMainStoryboardFile = Main;
				INFOPLIST_KEY_UISupportedInterfaceOrientations_iPad = "UIInterfaceOrientationPortrait UIInterfaceOrientationPortraitUpsideDown UIInterfaceOrientationLandscapeLeft UIInterfaceOrientationLandscapeRight";
				INFOPLIST_KEY_UISupportedInterfaceOrientations_iPhone = "UIInterfaceOrientationPortrait UIInterfaceOrientationLandscapeLeft UIInterfaceOrientationLandscapeRight";
				LD_RUNPATH_SEARCH_PATHS = (
					"$(inherited)",
					"@executable_path/Frameworks",
				);
				MARKETING_VERSION = 1.0;
				PRODUCT_BUNDLE_IDENTIFIER = com.prabhu.SwiftUIKitDemo;
				PRODUCT_NAME = "$(TARGET_NAME)";
				SWIFT_EMIT_LOC_STRINGS = YES;
				SWIFT_VERSION = 5.0;
				TARGETED_DEVICE_FAMILY = "1,2";
			};
			name = Debug;
		};
		F53FD5632E4C5DF900F2535A /* Release */ = {
			isa = XCBuildConfiguration;
			buildSettings = {
				ASSETCATALOG_COMPILER_APPICON_NAME = AppIcon;
				ASSETCATALOG_COMPILER_GLOBAL_ACCENT_COLOR_NAME = AccentColor;
				CODE_SIGN_STYLE = Automatic;
				CURRENT_PROJECT_VERSION = 1;
				DEVELOPMENT_TEAM = 7Y4N8JG3X7;
				GENERATE_INFOPLIST_FILE = YES;
				INFOPLIST_FILE = SwiftUIKitDemo/Info.plist;
				INFOPLIST_KEY_UIApplicationSupportsIndirectInputEvents = YES;
				INFOPLIST_KEY_UILaunchStoryboardName = LaunchScreen;
				INFOPLIST_KEY_UIMainStoryboardFile = Main;
				INFOPLIST_KEY_UISupportedInterfaceOrientations_iPad = "UIInterfaceOrientationPortrait UIInterfaceOrientationPortraitUpsideDown UIInterfaceOrientationLandscapeLeft UIInterfaceOrientationLandscapeRight";
				INFOPLIST_KEY_UISupportedInterfaceOrientations_iPhone = "UIInterfaceOrientationPortrait UIInterfaceOrientationLandscapeLeft UIInterfaceOrientationLandscapeRight";
				LD_RUNPATH_SEARCH_PATHS = (
					"$(inherited)",
					"@executable_path/Frameworks",
				);
				MARKETING_VERSION = 1.0;
				PRODUCT_BUNDLE_IDENTIFIER = com.prabhu.SwiftUIKitDemo;
				PRODUCT_NAME = "$(TARGET_NAME)";
				SWIFT_EMIT_LOC_STRINGS = YES;
				SWIFT_VERSION = 5.0;
				TARGETED_DEVICE_FAMILY = "1,2";
			};
			name = Release;
		};
		F53FD5642E4C5DF900F2535A /* Debug */ = {
			isa = XCBuildConfiguration;
			buildSettings = {
				ALWAYS_SEARCH_USER_PATHS = NO;
				ASSETCATALOG_COMPILER_GENERATE_SWIFT_ASSET_SYMBOL_EXTENSIONS = YES;
				CLANG_ANALYZER_NONNULL = YES;
				CLANG_ANALYZER_NUMBER_OBJECT_CONVERSION = YES_AGGRESSIVE;
				CLANG_CXX_LANGUAGE_STANDARD = "gnu++20";
				CLANG_ENABLE_MODULES = YES;
				CLANG_ENABLE_OBJC_ARC = YES;
				CLANG_ENABLE_OBJC_WEAK = YES;
				CLANG_WARN_BLOCK_CAPTURE_AUTORELEASING = YES;
				CLANG_WARN_BOOL_CONVERSION = YES;
				CLANG_WARN_COMMA = YES;
				CLANG_WARN_CONSTANT_CONVERSION = YES;
				CLANG_WARN_DEPRECATED_OBJC_IMPLEMENTATIONS = YES;
				CLANG_WARN_DIRECT_OBJC_ISA_USAGE = YES_ERROR;
				CLANG_WARN_DOCUMENTATION_COMMENTS = YES;
				CLANG_WARN_EMPTY_BODY = YES;
				CLANG_WARN_ENUM_CONVERSION = YES;
				CLANG_WARN_INFINITE_RECURSION = YES;
				CLANG_WARN_INT_CONVERSION = YES;
				CLANG_WARN_NON_LITERAL_NULL_CONVERSION = YES;
				CLANG_WARN_OBJC_IMPLICIT_RETAIN_SELF = YES;
				CLANG_WARN_OBJC_LITERAL_CONVERSION = YES;
				CLANG_WARN_OBJC_ROOT_CLASS = YES_ERROR;
				CLANG_WARN_QUOTED_INCLUDE_IN_FRAMEWORK_HEADER = YES;
				CLANG_WARN_RANGE_LOOP_ANALYSIS = YES;
				CLANG_WARN_STRICT_PROTOTYPES = YES;
				CLANG_WARN_SUSPICIOUS_MOVE = YES;
				CLANG_WARN_UNGUARDED_AVAILABILITY = YES_AGGRESSIVE;
				CLANG_WARN_UNREACHABLE_CODE = YES;
				CLANG_WARN__DUPLICATE_METHOD_MATCH = YES;
				COPY_PHASE_STRIP = NO;
				DEBUG_INFORMATION_FORMAT = dwarf;
				DEVELOPMENT_TEAM = 7Y4N8JG3X7;
				ENABLE_STRICT_OBJC_MSGSEND = YES;
				ENABLE_TESTABILITY = YES;
				ENABLE_USER_SCRIPT_SANDBOXING = YES;
				GCC_C_LANGUAGE_STANDARD = gnu17;
				GCC_DYNAMIC_NO_PIC = NO;
				GCC_NO_COMMON_BLOCKS = YES;
				GCC_OPTIMIZATION_LEVEL = 0;
				GCC_PREPROCESSOR_DEFINITIONS = (
					"DEBUG=1",
					"$(inherited)",
				);
				GCC_WARN_64_TO_32_BIT_CONVERSION = YES;
				GCC_WARN_ABOUT_RETURN_TYPE = YES_ERROR;
				GCC_WARN_UNDECLARED_SELECTOR = YES;
				GCC_WARN_UNINITIALIZED_AUTOS = YES_AGGRESSIVE;
				GCC_WARN_UNUSED_FUNCTION = YES;
				GCC_WARN_UNUSED_VARIABLE = YES;
				IPHONEOS_DEPLOYMENT_TARGET = 18.5;
				LOCALIZATION_PREFERS_STRING_CATALOGS = YES;
				MTL_ENABLE_DEBUG_INFO = INCLUDE_SOURCE;
				MTL_FAST_MATH = YES;
				ONLY_ACTIVE_ARCH = YES;
				SDKROOT = iphoneos;
				SWIFT_ACTIVE_COMPILATION_CONDITIONS = "DEBUG $(inherited)";
				SWIFT_OPTIMIZATION_LEVEL = "-Onone";
			};
			name = Debug;
		};
		F53FD5652E4C5DF900F2535A /* Release */ = {
			isa = XCBuildConfiguration;
			buildSettings = {
				ALWAYS_SEARCH_USER_PATHS = NO;
				ASSETCATALOG_COMPILER_GENERATE_SWIFT_ASSET_SYMBOL_EXTENSIONS = YES;
				CLANG_ANALYZER_NONNULL = YES;
				CLANG_ANALYZER_NUMBER_OBJECT_CONVERSION = YES_AGGRESSIVE;
				CLANG_CXX_LANGUAGE_STANDARD = "gnu++20";
				CLANG_ENABLE_MODULES = YES;
				CLANG_ENABLE_OBJC_ARC = YES;
				CLANG_ENABLE_OBJC_WEAK = YES;
				CLANG_WARN_BLOCK_CAPTURE_AUTORELEASING = YES;
				CLANG_WARN_BOOL_CONVERSION = YES;
				CLANG_WARN_COMMA = YES;
				CLANG_WARN_CONSTANT_CONVERSION = YES;
				CLANG_WARN_DEPRECATED_OBJC_IMPLEMENTATIONS = YES;
				CLANG_WARN_DIRECT_OBJC_ISA_USAGE = YES_ERROR;
				CLANG_WARN_DOCUMENTATION_COMMENTS = YES;
				CLANG_WARN_EMPTY_BODY = YES;
				CLANG_WARN_ENUM_CONVERSION = YES;
				CLANG_WARN_INFINITE_RECURSION = YES;
				CLANG_WARN_INT_CONVERSION = YES;
				CLANG_WARN_NON_LITERAL_NULL_CONVERSION = YES;
				CLANG_WARN_OBJC_IMPLICIT_RETAIN_SELF = YES;
				CLANG_WARN_OBJC_LITERAL_CONVERSION = YES;
				CLANG_WARN_OBJC_ROOT_CLASS = YES_ERROR;
				CLANG_WARN_QUOTED_INCLUDE_IN_FRAMEWORK_HEADER = YES;
				CLANG_WARN_RANGE_LOOP_ANALYSIS = YES;
				CLANG_WARN_STRICT_PROTOTYPES = YES;
				CLANG_WARN_SUSPICIOUS_MOVE = YES;
				CLANG_WARN_UNGUARDED_AVAILABILITY = YES_AGGRESSIVE;
				CLANG_WARN_UNREACHABLE_CODE = YES;
				CLANG_WARN__DUPLICATE_METHOD_MATCH = YES;
				COPY_PHASE_STRIP = NO;
				DEBUG_INFORMATION_FORMAT = "dwarf-with-dsym";
				DEVELOPMENT_TEAM = 7Y4N8JG3X7;
				ENABLE_NS_ASSERTIONS = NO;
				ENABLE_STRICT_OBJC_MSGSEND = YES;
				ENABLE_USER_SCRIPT_SANDBOXING = YES;
				GCC_C_LANGUAGE_STANDARD = gnu17;
				GCC_NO_COMMON_BLOCKS = YES;
				GCC_WARN_64_TO_32_BIT_CONVERSION = YES;
				GCC_WARN_ABOUT_RETURN_TYPE = YES_ERROR;
				GCC_WARN_UNDECLARED_SELECTOR = YES;
				GCC_WARN_UNINITIALIZED_AUTOS = YES_AGGRESSIVE;
				GCC_WARN_UNUSED_FUNCTION = YES;
				GCC_WARN_UNUSED_VARIABLE = YES;
				IPHONEOS_DEPLOYMENT_TARGET = 18.5;
				LOCALIZATION_PREFERS_STRING_CATALOGS = YES;
				MTL_ENABLE_DEBUG_INFO = NO;
				MTL_FAST_MATH = YES;
				SDKROOT = iphoneos;
				SWIFT_COMPILATION_MODE = wholemodule;
				VALIDATE_PRODUCT = YES;
			};
			name = Release;
		};
		F53FD5672E4C5DF900F2535A /* Debug */ = {
			isa = XCBuildConfiguration;
			buildSettings = {
				BUNDLE_LOADER = "$(TEST_HOST)";
				CODE_SIGN_STYLE = Automatic;
				CURRENT_PROJECT_VERSION = 1;
				DEVELOPMENT_TEAM = 7Y4N8JG3X7;
				GENERATE_INFOPLIST_FILE = YES;
				IPHONEOS_DEPLOYMENT_TARGET = 18.5;
				MARKETING_VERSION = 1.0;
				PRODUCT_BUNDLE_IDENTIFIER = com.prabhu.SwiftUIKitDemoTests;
				PRODUCT_NAME = "$(TARGET_NAME)";
				SWIFT_EMIT_LOC_STRINGS = NO;
				SWIFT_VERSION = 5.0;
				TARGETED_DEVICE_FAMILY = "1,2";
				TEST_HOST = "$(BUILT_PRODUCTS_DIR)/SwiftUIKitDemo.app/$(BUNDLE_EXECUTABLE_FOLDER_PATH)/SwiftUIKitDemo";
			};
			name = Debug;
		};
		F53FD5682E4C5DF900F2535A /* Release */ = {
			isa = XCBuildConfiguration;
			buildSettings = {
				BUNDLE_LOADER = "$(TEST_HOST)";
				CODE_SIGN_STYLE = Automatic;
				CURRENT_PROJECT_VERSION = 1;
				DEVELOPMENT_TEAM = 7Y4N8JG3X7;
				GENERATE_INFOPLIST_FILE = YES;
				IPHONEOS_DEPLOYMENT_TARGET = 18.5;
				MARKETING_VERSION = 1.0;
				PRODUCT_BUNDLE_IDENTIFIER = com.prabhu.SwiftUIKitDemoTests;
				PRODUCT_NAME = "$(TARGET_NAME)";
				SWIFT_EMIT_LOC_STRINGS = NO;
				SWIFT_VERSION = 5.0;
				TARGETED_DEVICE_FAMILY = "1,2";
				TEST_HOST = "$(BUILT_PRODUCTS_DIR)/SwiftUIKitDemo.app/$(BUNDLE_EXECUTABLE_FOLDER_PATH)/SwiftUIKitDemo";
			};
			name = Release;
		};
		F53FD56A2E4C5DF900F2535A /* Debug */ = {
			isa = XCBuildConfiguration;
			buildSettings = {
				CODE_SIGN_STYLE = Automatic;
				CURRENT_PROJECT_VERSION = 1;
				DEVELOPMENT_TEAM = 7Y4N8JG3X7;
				GENERATE_INFOPLIST_FILE = YES;
				MARKETING_VERSION = 1.0;
				PRODUCT_BUNDLE_IDENTIFIER = com.prabhu.SwiftUIKitDemoUITests;
				PRODUCT_NAME = "$(TARGET_NAME)";
				SWIFT_EMIT_LOC_STRINGS = NO;
				SWIFT_VERSION = 5.0;
				TARGETED_DEVICE_FAMILY = "1,2";
				TEST_TARGET_NAME = SwiftUIKitDemo;
			};
			name = Debug;
		};
		F53FD56B2E4C5DF900F2535A /* Release */ = {
			isa = XCBuildConfiguration;
			buildSettings = {
				CODE_SIGN_STYLE = Automatic;
				CURRENT_PROJECT_VERSION = 1;
				DEVELOPMENT_TEAM = 7Y4N8JG3X7;
				GENERATE_INFOPLIST_FILE = YES;
				MARKETING_VERSION = 1.0;
				PRODUCT_BUNDLE_IDENTIFIER = com.prabhu.SwiftUIKitDemoUITests;
				PRODUCT_NAME = "$(TARGET_NAME)";
				SWIFT_EMIT_LOC_STRINGS = NO;
				SWIFT_VERSION = 5.0;
				TARGETED_DEVICE_FAMILY = "1,2";
				TEST_TARGET_NAME = SwiftUIKitDemo;
			};
			name = Release;
		};
/* End XCBuildConfiguration section */

/* Begin XCConfigurationList section */
		F53FD5332E4C5DF700F2535A /* Build configuration list for PBXProject "SwiftUIKitDemo" */ = {
			isa = XCConfigurationList;
			buildConfigurations = (
				F53FD5642E4C5DF900F2535A /* Debug */,
				F53FD5652E4C5DF900F2535A /* Release */,
			);
			defaultConfigurationIsVisible = 0;
			defaultConfigurationName = Release;
		};
		F53FD5612E4C5DF900F2535A /* Build configuration list for PBXNativeTarget "SwiftUIKitDemo" */ = {
			isa = XCConfigurationList;
			buildConfigurations = (
				F53FD5622E4C5DF900F2535A /* Debug */,
				F53FD5632E4C5DF900F2535A /* Release */,
			);
			defaultConfigurationIsVisible = 0;
			defaultConfigurationName = Release;
		};
		F53FD5662E4C5DF900F2535A /* Build configuration list for PBXNativeTarget "SwiftUIKitDemoTests" */ = {
			isa = XCConfigurationList;
			buildConfigurations = (
				F53FD5672E4C5DF900F2535A /* Debug */,
				F53FD5682E4C5DF900F2535A /* Release */,
			);
			defaultConfigurationIsVisible = 0;
			defaultConfigurationName = Release;
		};
		F53FD5692E4C5DF900F2535A /* Build configuration list for PBXNativeTarget "SwiftUIKitDemoUITests" */ = {
			isa = XCConfigurationList;
			buildConfigurations = (
				F53FD56A2E4C5DF900F2535A /* Debug */,
				F53FD56B2E4C5DF900F2535A /* Release */,
			);
			defaultConfigurationIsVisible = 0;
			defaultConfigurationName = Release;
		};
/* End XCConfigurationList section */

/* Begin XCRemoteSwiftPackageReference section */
		F53FD5B92E4D12D800F2535A /* XCRemoteSwiftPackageReference "Kingfisher" */ = {
			isa = XCRemoteSwiftPackageReference;
			repositoryURL = "https://github.com/onevcat/Kingfisher.git";
			requirement = {
				kind = upToNextMajorVersion;
				minimumVersion = 8.5.0;
			};
		};
/* End XCRemoteSwiftPackageReference section */

/* Begin XCSwiftPackageProductDependency section */
		F53FD5BA2E4D12D800F2535A /* Kingfisher */ = {
			isa = XCSwiftPackageProductDependency;
			package = F53FD5B92E4D12D800F2535A /* XCRemoteSwiftPackageReference "Kingfisher" */;
			productName = Kingfisher;
		};
/* End XCSwiftPackageProductDependency section */
	};
	rootObject = F53FD5302E4C5DF700F2535A /* Project object */;
}
